// !$*UTF8*$!
{
	archiveVersion = 1;
	classes = {
	};
	objectVersion = 46;
	objects = {

/* Begin PBXBuildFile section */
		1D60589F0D05DD5A006BFB54 /* Foundation.framework in Frameworks */ = {isa = PBXBuildFile; fileRef = 1D30AB110D05D00D00671497 /* Foundation.framework */; };
		1DF5F4E00D08C38300B7A737 /* UIKit.framework in Frameworks */ = {isa = PBXBuildFile; fileRef = 1DF5F4DF0D08C38300B7A737 /* UIKit.framework */; };
		288765FD0DF74451002DB57D /* CoreGraphics.framework in Frameworks */ = {isa = PBXBuildFile; fileRef = 288765FC0DF74451002DB57D /* CoreGraphics.framework */; };
		5326AEA810A23A0500278DE6 /* CoreLocation.framework in Frameworks */ = {isa = PBXBuildFile; fileRef = 5326AEA710A23A0500278DE6 /* CoreLocation.framework */; };
		53F323EB10A20EDB00E0DAE4 /* OpenAL.framework in Frameworks */ = {isa = PBXBuildFile; fileRef = 53F323EA10A20EDB00E0DAE4 /* OpenAL.framework */; };
		54051B102015019700520556 /* MyAppDelegate.mm in Sources */ = {isa = PBXBuildFile; fileRef = 54051B082015019700520556 /* MyAppDelegate.mm */; };
		54051B112015019700520556 /* main.mm in Sources */ = {isa = PBXBuildFile; fileRef = 54051B092015019700520556 /* main.mm */; };
		54051B132015019700520556 /* MyAppViewController.mm in Sources */ = {isa = PBXBuildFile; fileRef = 54051B0D2015019700520556 /* MyAppViewController.mm */; };
		54051B142015019700520556 /* OFAppViewController.mm in Sources */ = {isa = PBXBuildFile; fileRef = 54051B0F2015019700520556 /* OFAppViewController.mm */; };
		542760B8202C2DD000112A53 /* ofApp.mm in Sources */ = {isa = PBXBuildFile; fileRef = 542760B6202C2DD000112A53 /* ofApp.mm */; };
		5429BB0120409F1700922A2A /* ofxBaseGui.cpp in Sources */ = {isa = PBXBuildFile; fileRef = 5429BAA020409F1600922A2A /* ofxBaseGui.cpp */; };
		5429BB0220409F1700922A2A /* ofxButton.cpp in Sources */ = {isa = PBXBuildFile; fileRef = 5429BAA220409F1600922A2A /* ofxButton.cpp */; };
		5429BB0320409F1700922A2A /* ofxGuiGroup.cpp in Sources */ = {isa = PBXBuildFile; fileRef = 5429BAA520409F1600922A2A /* ofxGuiGroup.cpp */; };
		5429BB0420409F1700922A2A /* ofxLabel.cpp in Sources */ = {isa = PBXBuildFile; fileRef = 5429BAA720409F1600922A2A /* ofxLabel.cpp */; };
		5429BB0520409F1700922A2A /* ofxPanel.cpp in Sources */ = {isa = PBXBuildFile; fileRef = 5429BAA920409F1600922A2A /* ofxPanel.cpp */; };
		5429BB0620409F1700922A2A /* ofxSlider.cpp in Sources */ = {isa = PBXBuildFile; fileRef = 5429BAAB20409F1600922A2A /* ofxSlider.cpp */; };
		5429BB0720409F1700922A2A /* ofxSliderGroup.cpp in Sources */ = {isa = PBXBuildFile; fileRef = 5429BAAD20409F1600922A2A /* ofxSliderGroup.cpp */; };
		5429BB0820409F1700922A2A /* ofxToggle.cpp in Sources */ = {isa = PBXBuildFile; fileRef = 5429BAAF20409F1600922A2A /* ofxToggle.cpp */; };
		5429BB0920409F1700922A2A /* ARAnchorManager.mm in Sources */ = {isa = PBXBuildFile; fileRef = 5429BAB420409F1600922A2A /* ARAnchorManager.mm */; };
		5429BB0A20409F1700922A2A /* ARCam.mm in Sources */ = {isa = PBXBuildFile; fileRef = 5429BAB620409F1600922A2A /* ARCam.mm */; };
		5429BB0B20409F1700922A2A /* ARProcessor.mm in Sources */ = {isa = PBXBuildFile; fileRef = 5429BABA20409F1600922A2A /* ARProcessor.mm */; };
		5429BB0C20409F1700922A2A /* IpEndpointName.cpp in Sources */ = {isa = PBXBuildFile; fileRef = 5429BAC720409F1600922A2A /* IpEndpointName.cpp */; };
		5429BB0D20409F1700922A2A /* NetworkingUtils.cpp in Sources */ = {isa = PBXBuildFile; fileRef = 5429BACC20409F1600922A2A /* NetworkingUtils.cpp */; };
		5429BB0E20409F1700922A2A /* UdpSocket.cpp in Sources */ = {isa = PBXBuildFile; fileRef = 5429BACD20409F1600922A2A /* UdpSocket.cpp */; };
		5429BB1120409F1700922A2A /* OscOutboundPacketStream.cpp in Sources */ = {isa = PBXBuildFile; fileRef = 5429BAD720409F1600922A2A /* OscOutboundPacketStream.cpp */; };
		5429BB1220409F1700922A2A /* OscPrintReceivedElements.cpp in Sources */ = {isa = PBXBuildFile; fileRef = 5429BADA20409F1600922A2A /* OscPrintReceivedElements.cpp */; };
		5429BB1320409F1700922A2A /* OscReceivedElements.cpp in Sources */ = {isa = PBXBuildFile; fileRef = 5429BADC20409F1600922A2A /* OscReceivedElements.cpp */; };
		5429BB1420409F1700922A2A /* OscTypes.cpp in Sources */ = {isa = PBXBuildFile; fileRef = 5429BADE20409F1600922A2A /* OscTypes.cpp */; };
		5429BB1520409F1700922A2A /* ofxOscBundle.cpp in Sources */ = {isa = PBXBuildFile; fileRef = 5429BAE320409F1600922A2A /* ofxOscBundle.cpp */; };
		5429BB1620409F1700922A2A /* ofxOscMessage.cpp in Sources */ = {isa = PBXBuildFile; fileRef = 5429BAE520409F1600922A2A /* ofxOscMessage.cpp */; };
		5429BB1720409F1700922A2A /* ofxOscParameterSync.cpp in Sources */ = {isa = PBXBuildFile; fileRef = 5429BAE720409F1600922A2A /* ofxOscParameterSync.cpp */; };
		5429BB1820409F1700922A2A /* ofxOscReceiver.cpp in Sources */ = {isa = PBXBuildFile; fileRef = 5429BAE920409F1600922A2A /* ofxOscReceiver.cpp */; };
		5429BB1920409F1700922A2A /* ofxOscSender.cpp in Sources */ = {isa = PBXBuildFile; fileRef = 5429BAEB20409F1600922A2A /* ofxOscSender.cpp */; };
		5429BB1A20409F1700922A2A /* Timer.cpp in Sources */ = {isa = PBXBuildFile; fileRef = 5429BAFE20409F1700922A2A /* Timer.cpp */; };
		5459C4F3201334E900A57EAD /* ARKit.framework in Frameworks */ = {isa = PBXBuildFile; fileRef = 5459C4F2201334E900A57EAD /* ARKit.framework */; };
		546E9FB92041E9D800470C50 /* ofxRing.cpp in Sources */ = {isa = PBXBuildFile; fileRef = 546E9FB72041E9D800470C50 /* ofxRing.cpp */; };
		54A0EF2B20662E1B00279121 /* ofxFboBlur.cpp in Sources */ = {isa = PBXBuildFile; fileRef = 54A0EF0B20662E1B00279121 /* ofxFboBlur.cpp */; };
		678E130817951530005B6D19 /* Icon@2x.png in Resources */ = {isa = PBXBuildFile; fileRef = 678E130717951530005B6D19 /* Icon@2x.png */; };
		678E130A17951536005B6D19 /* Icon.png in Resources */ = {isa = PBXBuildFile; fileRef = 678E130917951536005B6D19 /* Icon.png */; };
		678E130C1795153C005B6D19 /* Default.png in Resources */ = {isa = PBXBuildFile; fileRef = 678E130B1795153C005B6D19 /* Default.png */; };
		678E130E17951540005B6D19 /* Default@2x.png in Resources */ = {isa = PBXBuildFile; fileRef = 678E130D17951540005B6D19 /* Default@2x.png */; };
		678E131017951549005B6D19 /* Default-568h@2x~iphone.png in Resources */ = {isa = PBXBuildFile; fileRef = 678E130F17951549005B6D19 /* Default-568h@2x~iphone.png */; };
		67DFA53619F92A69003B3434 /* Accelerate.framework in Frameworks */ = {isa = PBXBuildFile; fileRef = 67DFA53419F92A5E003B3434 /* Accelerate.framework */; };
		BB16EBD20F2B2A9500518274 /* OpenGLES.framework in Frameworks */ = {isa = PBXBuildFile; fileRef = BB16EBD10F2B2A9500518274 /* OpenGLES.framework */; };
		BB16EBD90F2B2AB500518274 /* QuartzCore.framework in Frameworks */ = {isa = PBXBuildFile; fileRef = BB16EBD80F2B2AB500518274 /* QuartzCore.framework */; };
		BBE5EAB80F49AD8400F28951 /* AudioToolbox.framework in Frameworks */ = {isa = PBXBuildFile; fileRef = BBE5EAB70F49AD8400F28951 /* AudioToolbox.framework */; };
		E41D400B13B39D2100A75A5D /* AVFoundation.framework in Frameworks */ = {isa = PBXBuildFile; fileRef = E41D400613B39D2100A75A5D /* AVFoundation.framework */; };
		E41D400C13B39D2100A75A5D /* CoreMedia.framework in Frameworks */ = {isa = PBXBuildFile; fileRef = E41D400713B39D2100A75A5D /* CoreMedia.framework */; };
		E41D400D13B39D2100A75A5D /* CoreVideo.framework in Frameworks */ = {isa = PBXBuildFile; fileRef = E41D400813B39D2100A75A5D /* CoreVideo.framework */; };
		E41D400E13B39D2100A75A5D /* MapKit.framework in Frameworks */ = {isa = PBXBuildFile; fileRef = E41D400913B39D2100A75A5D /* MapKit.framework */; };
		E41D421413B3A95300A75A5D /* libofxiOS_iphoneos_Debug.a in Frameworks */ = {isa = PBXBuildFile; fileRef = E41D410213B3A0D800A75A5D /* libofxiOS_iphoneos_Debug.a */; };
/* End PBXBuildFile section */

/* Begin PBXContainerItemProxy section */
		E41D410113B3A0D800A75A5D /* PBXContainerItemProxy */ = {
			isa = PBXContainerItemProxy;
			containerPortal = E41D40FD13B3A0D800A75A5D /* iOS+OFLib.xcodeproj */;
			proxyType = 2;
			remoteGlobalIDString = BB24DED610DA7A3F00E9C588;
			remoteInfo = "iPhone+OF Static Library";
		};
		E41D410313B3A11300A75A5D /* PBXContainerItemProxy */ = {
			isa = PBXContainerItemProxy;
			containerPortal = E41D40FD13B3A0D800A75A5D /* iOS+OFLib.xcodeproj */;
			proxyType = 1;
			remoteGlobalIDString = BB24DE5C10DA7A3F00E9C588;
			remoteInfo = "iPhone+OF Static Library";
		};
/* End PBXContainerItemProxy section */

/* Begin PBXFileReference section */
		1D30AB110D05D00D00671497 /* Foundation.framework */ = {isa = PBXFileReference; lastKnownFileType = wrapper.framework; name = Foundation.framework; path = System/Library/Frameworks/Foundation.framework; sourceTree = SDKROOT; };
		1D6058910D05DD3D006BFB54 /* ofxARKit-test.app */ = {isa = PBXFileReference; explicitFileType = wrapper.application; includeInIndex = 0; path = "ofxARKit-test.app"; sourceTree = BUILT_PRODUCTS_DIR; };
		1DF5F4DF0D08C38300B7A737 /* UIKit.framework */ = {isa = PBXFileReference; lastKnownFileType = wrapper.framework; name = UIKit.framework; path = System/Library/Frameworks/UIKit.framework; sourceTree = SDKROOT; };
		288765FC0DF74451002DB57D /* CoreGraphics.framework */ = {isa = PBXFileReference; lastKnownFileType = wrapper.framework; name = CoreGraphics.framework; path = System/Library/Frameworks/CoreGraphics.framework; sourceTree = SDKROOT; };
		32CA4F630368D1EE00C91783 /* ofxiOS_Prefix.pch */ = {isa = PBXFileReference; fileEncoding = 4; lastKnownFileType = sourcecode.c.h; path = ofxiOS_Prefix.pch; sourceTree = "<group>"; };
		5326AEA710A23A0500278DE6 /* CoreLocation.framework */ = {isa = PBXFileReference; lastKnownFileType = wrapper.framework; name = CoreLocation.framework; path = System/Library/Frameworks/CoreLocation.framework; sourceTree = SDKROOT; };
		53F323EA10A20EDB00E0DAE4 /* OpenAL.framework */ = {isa = PBXFileReference; lastKnownFileType = wrapper.framework; name = OpenAL.framework; path = System/Library/Frameworks/OpenAL.framework; sourceTree = SDKROOT; };
		54051B072015019700520556 /* MyAppDelegate.h */ = {isa = PBXFileReference; fileEncoding = 4; lastKnownFileType = sourcecode.c.h; path = MyAppDelegate.h; sourceTree = "<group>"; };
		54051B082015019700520556 /* MyAppDelegate.mm */ = {isa = PBXFileReference; fileEncoding = 4; lastKnownFileType = sourcecode.cpp.objcpp; path = MyAppDelegate.mm; sourceTree = "<group>"; };
		54051B092015019700520556 /* main.mm */ = {isa = PBXFileReference; fileEncoding = 4; lastKnownFileType = sourcecode.cpp.objcpp; path = main.mm; sourceTree = "<group>"; };
		54051B0C2015019700520556 /* MyAppViewController.h */ = {isa = PBXFileReference; fileEncoding = 4; lastKnownFileType = sourcecode.c.h; path = MyAppViewController.h; sourceTree = "<group>"; };
		54051B0D2015019700520556 /* MyAppViewController.mm */ = {isa = PBXFileReference; fileEncoding = 4; lastKnownFileType = sourcecode.cpp.objcpp; path = MyAppViewController.mm; sourceTree = "<group>"; };
		54051B0E2015019700520556 /* OFAppViewController.h */ = {isa = PBXFileReference; fileEncoding = 4; lastKnownFileType = sourcecode.c.h; path = OFAppViewController.h; sourceTree = "<group>"; };
		54051B0F2015019700520556 /* OFAppViewController.mm */ = {isa = PBXFileReference; fileEncoding = 4; lastKnownFileType = sourcecode.cpp.objcpp; path = OFAppViewController.mm; sourceTree = "<group>"; };
		54275AF92041256100B0EB1C /* CircleAnimations.h */ = {isa = PBXFileReference; fileEncoding = 4; lastKnownFileType = sourcecode.c.h; path = CircleAnimations.h; sourceTree = "<group>"; };
		542760B6202C2DD000112A53 /* ofApp.mm */ = {isa = PBXFileReference; fileEncoding = 4; lastKnownFileType = sourcecode.cpp.objcpp; path = ofApp.mm; sourceTree = "<group>"; };
		542760B7202C2DD000112A53 /* ofApp.h */ = {isa = PBXFileReference; fileEncoding = 4; lastKnownFileType = sourcecode.c.h; path = ofApp.h; sourceTree = "<group>"; };
		5429BAA020409F1600922A2A /* ofxBaseGui.cpp */ = {isa = PBXFileReference; fileEncoding = 4; lastKnownFileType = sourcecode.cpp.cpp; path = ofxBaseGui.cpp; sourceTree = "<group>"; };
		5429BAA120409F1600922A2A /* ofxBaseGui.h */ = {isa = PBXFileReference; fileEncoding = 4; lastKnownFileType = sourcecode.c.h; path = ofxBaseGui.h; sourceTree = "<group>"; };
		5429BAA220409F1600922A2A /* ofxButton.cpp */ = {isa = PBXFileReference; fileEncoding = 4; lastKnownFileType = sourcecode.cpp.cpp; path = ofxButton.cpp; sourceTree = "<group>"; };
		5429BAA320409F1600922A2A /* ofxButton.h */ = {isa = PBXFileReference; fileEncoding = 4; lastKnownFileType = sourcecode.c.h; path = ofxButton.h; sourceTree = "<group>"; };
		5429BAA420409F1600922A2A /* ofxGui.h */ = {isa = PBXFileReference; fileEncoding = 4; lastKnownFileType = sourcecode.c.h; path = ofxGui.h; sourceTree = "<group>"; };
		5429BAA520409F1600922A2A /* ofxGuiGroup.cpp */ = {isa = PBXFileReference; fileEncoding = 4; lastKnownFileType = sourcecode.cpp.cpp; path = ofxGuiGroup.cpp; sourceTree = "<group>"; };
		5429BAA620409F1600922A2A /* ofxGuiGroup.h */ = {isa = PBXFileReference; fileEncoding = 4; lastKnownFileType = sourcecode.c.h; path = ofxGuiGroup.h; sourceTree = "<group>"; };
		5429BAA720409F1600922A2A /* ofxLabel.cpp */ = {isa = PBXFileReference; fileEncoding = 4; lastKnownFileType = sourcecode.cpp.cpp; path = ofxLabel.cpp; sourceTree = "<group>"; };
		5429BAA820409F1600922A2A /* ofxLabel.h */ = {isa = PBXFileReference; fileEncoding = 4; lastKnownFileType = sourcecode.c.h; path = ofxLabel.h; sourceTree = "<group>"; };
		5429BAA920409F1600922A2A /* ofxPanel.cpp */ = {isa = PBXFileReference; fileEncoding = 4; lastKnownFileType = sourcecode.cpp.cpp; path = ofxPanel.cpp; sourceTree = "<group>"; };
		5429BAAA20409F1600922A2A /* ofxPanel.h */ = {isa = PBXFileReference; fileEncoding = 4; lastKnownFileType = sourcecode.c.h; path = ofxPanel.h; sourceTree = "<group>"; };
		5429BAAB20409F1600922A2A /* ofxSlider.cpp */ = {isa = PBXFileReference; fileEncoding = 4; lastKnownFileType = sourcecode.cpp.cpp; path = ofxSlider.cpp; sourceTree = "<group>"; };
		5429BAAC20409F1600922A2A /* ofxSlider.h */ = {isa = PBXFileReference; fileEncoding = 4; lastKnownFileType = sourcecode.c.h; path = ofxSlider.h; sourceTree = "<group>"; };
		5429BAAD20409F1600922A2A /* ofxSliderGroup.cpp */ = {isa = PBXFileReference; fileEncoding = 4; lastKnownFileType = sourcecode.cpp.cpp; path = ofxSliderGroup.cpp; sourceTree = "<group>"; };
		5429BAAE20409F1600922A2A /* ofxSliderGroup.h */ = {isa = PBXFileReference; fileEncoding = 4; lastKnownFileType = sourcecode.c.h; path = ofxSliderGroup.h; sourceTree = "<group>"; };
		5429BAAF20409F1600922A2A /* ofxToggle.cpp */ = {isa = PBXFileReference; fileEncoding = 4; lastKnownFileType = sourcecode.cpp.cpp; path = ofxToggle.cpp; sourceTree = "<group>"; };
		5429BAB020409F1600922A2A /* ofxToggle.h */ = {isa = PBXFileReference; fileEncoding = 4; lastKnownFileType = sourcecode.c.h; path = ofxToggle.h; sourceTree = "<group>"; };
		5429BAB320409F1600922A2A /* ARAnchorManager.h */ = {isa = PBXFileReference; fileEncoding = 4; lastKnownFileType = sourcecode.c.h; path = ARAnchorManager.h; sourceTree = "<group>"; };
		5429BAB420409F1600922A2A /* ARAnchorManager.mm */ = {isa = PBXFileReference; fileEncoding = 4; lastKnownFileType = sourcecode.cpp.objcpp; path = ARAnchorManager.mm; sourceTree = "<group>"; };
		5429BAB520409F1600922A2A /* ARCam.h */ = {isa = PBXFileReference; fileEncoding = 4; lastKnownFileType = sourcecode.c.h; path = ARCam.h; sourceTree = "<group>"; };
		5429BAB620409F1600922A2A /* ARCam.mm */ = {isa = PBXFileReference; fileEncoding = 4; lastKnownFileType = sourcecode.cpp.objcpp; path = ARCam.mm; sourceTree = "<group>"; };
		5429BAB720409F1600922A2A /* ARDebugUtils.h */ = {isa = PBXFileReference; fileEncoding = 4; lastKnownFileType = sourcecode.c.h; path = ARDebugUtils.h; sourceTree = "<group>"; };
		5429BAB820409F1600922A2A /* ARObjects.h */ = {isa = PBXFileReference; fileEncoding = 4; lastKnownFileType = sourcecode.c.h; path = ARObjects.h; sourceTree = "<group>"; };
		5429BAB920409F1600922A2A /* ARProcessor.h */ = {isa = PBXFileReference; fileEncoding = 4; lastKnownFileType = sourcecode.c.h; path = ARProcessor.h; sourceTree = "<group>"; };
		5429BABA20409F1600922A2A /* ARProcessor.mm */ = {isa = PBXFileReference; fileEncoding = 4; lastKnownFileType = sourcecode.cpp.objcpp; path = ARProcessor.mm; sourceTree = "<group>"; };
		5429BABB20409F1600922A2A /* ARSessionSetup.h */ = {isa = PBXFileReference; fileEncoding = 4; lastKnownFileType = sourcecode.c.h; path = ARSessionSetup.h; sourceTree = "<group>"; };
		5429BABC20409F1600922A2A /* ARShaders.h */ = {isa = PBXFileReference; fileEncoding = 4; lastKnownFileType = sourcecode.c.h; path = ARShaders.h; sourceTree = "<group>"; };
		5429BABD20409F1600922A2A /* ARUtils.h */ = {isa = PBXFileReference; fileEncoding = 4; lastKnownFileType = sourcecode.c.h; path = ARUtils.h; sourceTree = "<group>"; };
		5429BABE20409F1600922A2A /* ofxARKit.h */ = {isa = PBXFileReference; fileEncoding = 4; lastKnownFileType = sourcecode.c.h; path = ofxARKit.h; sourceTree = "<group>"; };
		5429BAC120409F1600922A2A /* ofxGlobalContext.h */ = {isa = PBXFileReference; fileEncoding = 4; lastKnownFileType = sourcecode.c.h; path = ofxGlobalContext.h; sourceTree = "<group>"; };
		5429BAC720409F1600922A2A /* IpEndpointName.cpp */ = {isa = PBXFileReference; fileEncoding = 4; lastKnownFileType = sourcecode.cpp.cpp; path = IpEndpointName.cpp; sourceTree = "<group>"; };
		5429BAC820409F1600922A2A /* IpEndpointName.h */ = {isa = PBXFileReference; fileEncoding = 4; lastKnownFileType = sourcecode.c.h; path = IpEndpointName.h; sourceTree = "<group>"; };
		5429BAC920409F1600922A2A /* NetworkingUtils.h */ = {isa = PBXFileReference; fileEncoding = 4; lastKnownFileType = sourcecode.c.h; path = NetworkingUtils.h; sourceTree = "<group>"; };
		5429BACA20409F1600922A2A /* PacketListener.h */ = {isa = PBXFileReference; fileEncoding = 4; lastKnownFileType = sourcecode.c.h; path = PacketListener.h; sourceTree = "<group>"; };
		5429BACC20409F1600922A2A /* NetworkingUtils.cpp */ = {isa = PBXFileReference; fileEncoding = 4; lastKnownFileType = sourcecode.cpp.cpp; path = NetworkingUtils.cpp; sourceTree = "<group>"; };
		5429BACD20409F1600922A2A /* UdpSocket.cpp */ = {isa = PBXFileReference; fileEncoding = 4; lastKnownFileType = sourcecode.cpp.cpp; path = UdpSocket.cpp; sourceTree = "<group>"; };
		5429BACE20409F1600922A2A /* TimerListener.h */ = {isa = PBXFileReference; fileEncoding = 4; lastKnownFileType = sourcecode.c.h; path = TimerListener.h; sourceTree = "<group>"; };
		5429BACF20409F1600922A2A /* UdpSocket.h */ = {isa = PBXFileReference; fileEncoding = 4; lastKnownFileType = sourcecode.c.h; path = UdpSocket.h; sourceTree = "<group>"; };
		5429BAD420409F1600922A2A /* MessageMappingOscPacketListener.h */ = {isa = PBXFileReference; fileEncoding = 4; lastKnownFileType = sourcecode.c.h; path = MessageMappingOscPacketListener.h; sourceTree = "<group>"; };
		5429BAD520409F1600922A2A /* OscException.h */ = {isa = PBXFileReference; fileEncoding = 4; lastKnownFileType = sourcecode.c.h; path = OscException.h; sourceTree = "<group>"; };
		5429BAD620409F1600922A2A /* OscHostEndianness.h */ = {isa = PBXFileReference; fileEncoding = 4; lastKnownFileType = sourcecode.c.h; path = OscHostEndianness.h; sourceTree = "<group>"; };
		5429BAD720409F1600922A2A /* OscOutboundPacketStream.cpp */ = {isa = PBXFileReference; fileEncoding = 4; lastKnownFileType = sourcecode.cpp.cpp; path = OscOutboundPacketStream.cpp; sourceTree = "<group>"; };
		5429BAD820409F1600922A2A /* OscOutboundPacketStream.h */ = {isa = PBXFileReference; fileEncoding = 4; lastKnownFileType = sourcecode.c.h; path = OscOutboundPacketStream.h; sourceTree = "<group>"; };
		5429BAD920409F1600922A2A /* OscPacketListener.h */ = {isa = PBXFileReference; fileEncoding = 4; lastKnownFileType = sourcecode.c.h; path = OscPacketListener.h; sourceTree = "<group>"; };
		5429BADA20409F1600922A2A /* OscPrintReceivedElements.cpp */ = {isa = PBXFileReference; fileEncoding = 4; lastKnownFileType = sourcecode.cpp.cpp; path = OscPrintReceivedElements.cpp; sourceTree = "<group>"; };
		5429BADB20409F1600922A2A /* OscPrintReceivedElements.h */ = {isa = PBXFileReference; fileEncoding = 4; lastKnownFileType = sourcecode.c.h; path = OscPrintReceivedElements.h; sourceTree = "<group>"; };
		5429BADC20409F1600922A2A /* OscReceivedElements.cpp */ = {isa = PBXFileReference; fileEncoding = 4; lastKnownFileType = sourcecode.cpp.cpp; path = OscReceivedElements.cpp; sourceTree = "<group>"; };
		5429BADD20409F1600922A2A /* OscReceivedElements.h */ = {isa = PBXFileReference; fileEncoding = 4; lastKnownFileType = sourcecode.c.h; path = OscReceivedElements.h; sourceTree = "<group>"; };
		5429BADE20409F1600922A2A /* OscTypes.cpp */ = {isa = PBXFileReference; fileEncoding = 4; lastKnownFileType = sourcecode.cpp.cpp; path = OscTypes.cpp; sourceTree = "<group>"; };
		5429BADF20409F1600922A2A /* OscTypes.h */ = {isa = PBXFileReference; fileEncoding = 4; lastKnownFileType = sourcecode.c.h; path = OscTypes.h; sourceTree = "<group>"; };
		5429BAE120409F1600922A2A /* ofxOsc.h */ = {isa = PBXFileReference; fileEncoding = 4; lastKnownFileType = sourcecode.c.h; path = ofxOsc.h; sourceTree = "<group>"; };
		5429BAE220409F1600922A2A /* ofxOscArg.h */ = {isa = PBXFileReference; fileEncoding = 4; lastKnownFileType = sourcecode.c.h; path = ofxOscArg.h; sourceTree = "<group>"; };
		5429BAE320409F1600922A2A /* ofxOscBundle.cpp */ = {isa = PBXFileReference; fileEncoding = 4; lastKnownFileType = sourcecode.cpp.cpp; path = ofxOscBundle.cpp; sourceTree = "<group>"; };
		5429BAE420409F1600922A2A /* ofxOscBundle.h */ = {isa = PBXFileReference; fileEncoding = 4; lastKnownFileType = sourcecode.c.h; path = ofxOscBundle.h; sourceTree = "<group>"; };
		5429BAE520409F1600922A2A /* ofxOscMessage.cpp */ = {isa = PBXFileReference; fileEncoding = 4; lastKnownFileType = sourcecode.cpp.cpp; path = ofxOscMessage.cpp; sourceTree = "<group>"; };
		5429BAE620409F1600922A2A /* ofxOscMessage.h */ = {isa = PBXFileReference; fileEncoding = 4; lastKnownFileType = sourcecode.c.h; path = ofxOscMessage.h; sourceTree = "<group>"; };
		5429BAE720409F1600922A2A /* ofxOscParameterSync.cpp */ = {isa = PBXFileReference; fileEncoding = 4; lastKnownFileType = sourcecode.cpp.cpp; path = ofxOscParameterSync.cpp; sourceTree = "<group>"; };
		5429BAE820409F1600922A2A /* ofxOscParameterSync.h */ = {isa = PBXFileReference; fileEncoding = 4; lastKnownFileType = sourcecode.c.h; path = ofxOscParameterSync.h; sourceTree = "<group>"; };
		5429BAE920409F1600922A2A /* ofxOscReceiver.cpp */ = {isa = PBXFileReference; fileEncoding = 4; lastKnownFileType = sourcecode.cpp.cpp; path = ofxOscReceiver.cpp; sourceTree = "<group>"; };
		5429BAEA20409F1600922A2A /* ofxOscReceiver.h */ = {isa = PBXFileReference; fileEncoding = 4; lastKnownFileType = sourcecode.c.h; path = ofxOscReceiver.h; sourceTree = "<group>"; };
		5429BAEB20409F1600922A2A /* ofxOscSender.cpp */ = {isa = PBXFileReference; fileEncoding = 4; lastKnownFileType = sourcecode.cpp.cpp; path = ofxOscSender.cpp; sourceTree = "<group>"; };
		5429BAEC20409F1600922A2A /* ofxOscSender.h */ = {isa = PBXFileReference; fileEncoding = 4; lastKnownFileType = sourcecode.c.h; path = ofxOscSender.h; sourceTree = "<group>"; };
		5429BAF020409F1700922A2A /* CommandQueue.h */ = {isa = PBXFileReference; fileEncoding = 4; lastKnownFileType = sourcecode.c.h; path = CommandQueue.h; sourceTree = "<group>"; };
		5429BAF120409F1700922A2A /* Composition.h */ = {isa = PBXFileReference; fileEncoding = 4; lastKnownFileType = sourcecode.c.h; path = Composition.h; sourceTree = "<group>"; };
		5429BAF220409F1700922A2A /* Constants.h */ = {isa = PBXFileReference; fileEncoding = 4; lastKnownFileType = sourcecode.c.h; path = Constants.h; sourceTree = "<group>"; };
		5429BAF420409F1700922A2A /* Composition.inc.h */ = {isa = PBXFileReference; fileEncoding = 4; lastKnownFileType = sourcecode.c.h; path = Composition.inc.h; sourceTree = "<group>"; };
		5429BAF520409F1700922A2A /* coroutine.hpp */ = {isa = PBXFileReference; fileEncoding = 4; lastKnownFileType = sourcecode.cpp.h; path = coroutine.hpp; sourceTree = "<group>"; };
		5429BAF620409F1700922A2A /* Easing.h */ = {isa = PBXFileReference; fileEncoding = 4; lastKnownFileType = sourcecode.c.h; path = Easing.h; sourceTree = "<group>"; };
		5429BAF720409F1700922A2A /* Generator.h */ = {isa = PBXFileReference; fileEncoding = 4; lastKnownFileType = sourcecode.c.h; path = Generator.h; sourceTree = "<group>"; };
		5429BAF820409F1700922A2A /* InstanceManager.h */ = {isa = PBXFileReference; fileEncoding = 4; lastKnownFileType = sourcecode.c.h; path = InstanceManager.h; sourceTree = "<group>"; };
		5429BAF920409F1700922A2A /* Lerp.h */ = {isa = PBXFileReference; fileEncoding = 4; lastKnownFileType = sourcecode.c.h; path = Lerp.h; sourceTree = "<group>"; };
		5429BAFA20409F1700922A2A /* Pattern.h */ = {isa = PBXFileReference; fileEncoding = 4; lastKnownFileType = sourcecode.c.h; path = Pattern.h; sourceTree = "<group>"; };
		5429BAFB20409F1700922A2A /* Replicator.h */ = {isa = PBXFileReference; fileEncoding = 4; lastKnownFileType = sourcecode.c.h; path = Replicator.h; sourceTree = "<group>"; };
		5429BAFC20409F1700922A2A /* SceneManager.h */ = {isa = PBXFileReference; fileEncoding = 4; lastKnownFileType = sourcecode.c.h; path = SceneManager.h; sourceTree = "<group>"; };
		5429BAFD20409F1700922A2A /* Sequence.h */ = {isa = PBXFileReference; fileEncoding = 4; lastKnownFileType = sourcecode.c.h; path = Sequence.h; sourceTree = "<group>"; };
		5429BAFE20409F1700922A2A /* Timer.cpp */ = {isa = PBXFileReference; fileEncoding = 4; lastKnownFileType = sourcecode.cpp.cpp; path = Timer.cpp; sourceTree = "<group>"; };
		5429BAFF20409F1700922A2A /* Timer.h */ = {isa = PBXFileReference; fileEncoding = 4; lastKnownFileType = sourcecode.c.h; path = Timer.h; sourceTree = "<group>"; };
		5429BB0020409F1700922A2A /* ofxAnimationPrimitives.h */ = {isa = PBXFileReference; fileEncoding = 4; lastKnownFileType = sourcecode.c.h; path = ofxAnimationPrimitives.h; sourceTree = "<group>"; };
		5459C4F2201334E900A57EAD /* ARKit.framework */ = {isa = PBXFileReference; lastKnownFileType = wrapper.framework; name = ARKit.framework; path = System/Library/Frameworks/ARKit.framework; sourceTree = SDKROOT; };
		546E9FB72041E9D800470C50 /* ofxRing.cpp */ = {isa = PBXFileReference; fileEncoding = 4; lastKnownFileType = sourcecode.cpp.cpp; path = ofxRing.cpp; sourceTree = "<group>"; };
		546E9FB82041E9D800470C50 /* ofxRing.h */ = {isa = PBXFileReference; fileEncoding = 4; lastKnownFileType = sourcecode.c.h; path = ofxRing.h; sourceTree = "<group>"; };
		5476B50E203986CE0057CE88 /* CaptureDrawer.h */ = {isa = PBXFileReference; lastKnownFileType = sourcecode.c.h; path = CaptureDrawer.h; sourceTree = "<group>"; };
		5476B50F2039897A0057CE88 /* Config.h */ = {isa = PBXFileReference; lastKnownFileType = sourcecode.c.h; path = Config.h; sourceTree = "<group>"; };
		5476B51020398B220057CE88 /* Context.h */ = {isa = PBXFileReference; lastKnownFileType = sourcecode.c.h; path = Context.h; sourceTree = "<group>"; };
		5492DDB32062AD1500BD70B1 /* Bloom.h */ = {isa = PBXFileReference; lastKnownFileType = sourcecode.c.h; path = Bloom.h; sourceTree = "<group>"; };
		54A0EF0B20662E1B00279121 /* ofxFboBlur.cpp */ = {isa = PBXFileReference; fileEncoding = 4; lastKnownFileType = sourcecode.cpp.cpp; path = ofxFboBlur.cpp; sourceTree = "<group>"; };
		54A0EF0C20662E1B00279121 /* ofxFboBlur.h */ = {isa = PBXFileReference; fileEncoding = 4; lastKnownFileType = sourcecode.c.h; path = ofxFboBlur.h; sourceTree = "<group>"; };
		54FAF92F2053B19600DF908D /* TriAnimations.h */ = {isa = PBXFileReference; lastKnownFileType = sourcecode.c.h; path = TriAnimations.h; sourceTree = "<group>"; };
		54FAF9302053BD7B00DF908D /* RectAnimations.h */ = {isa = PBXFileReference; lastKnownFileType = sourcecode.c.h; path = RectAnimations.h; sourceTree = "<group>"; };
		678E130717951530005B6D19 /* Icon@2x.png */ = {isa = PBXFileReference; lastKnownFileType = image.png; name = "Icon@2x.png"; path = "bin/data/Icon@2x.png"; sourceTree = "<group>"; };
		678E130917951536005B6D19 /* Icon.png */ = {isa = PBXFileReference; lastKnownFileType = image.png; name = Icon.png; path = bin/data/Icon.png; sourceTree = "<group>"; };
		678E130B1795153C005B6D19 /* Default.png */ = {isa = PBXFileReference; lastKnownFileType = image.png; name = Default.png; path = bin/data/Default.png; sourceTree = "<group>"; };
		678E130D17951540005B6D19 /* Default@2x.png */ = {isa = PBXFileReference; lastKnownFileType = image.png; name = "Default@2x.png"; path = "bin/data/Default@2x.png"; sourceTree = "<group>"; };
		678E130F17951549005B6D19 /* Default-568h@2x~iphone.png */ = {isa = PBXFileReference; lastKnownFileType = image.png; name = "Default-568h@2x~iphone.png"; path = "bin/data/Default-568h@2x~iphone.png"; sourceTree = "<group>"; };
		67DFA53419F92A5E003B3434 /* Accelerate.framework */ = {isa = PBXFileReference; lastKnownFileType = wrapper.framework; name = Accelerate.framework; path = System/Library/Frameworks/Accelerate.framework; sourceTree = SDKROOT; };
		BB16EBD10F2B2A9500518274 /* OpenGLES.framework */ = {isa = PBXFileReference; lastKnownFileType = wrapper.framework; name = OpenGLES.framework; path = System/Library/Frameworks/OpenGLES.framework; sourceTree = SDKROOT; };
		BB16EBD80F2B2AB500518274 /* QuartzCore.framework */ = {isa = PBXFileReference; lastKnownFileType = wrapper.framework; name = QuartzCore.framework; path = System/Library/Frameworks/QuartzCore.framework; sourceTree = SDKROOT; };
		BB24DDC910DA781C00E9C588 /* ofxiOS-Info.plist */ = {isa = PBXFileReference; fileEncoding = 4; lastKnownFileType = text.plist.xml; path = "ofxiOS-Info.plist"; sourceTree = "<group>"; };
		BBE5EAB70F49AD8400F28951 /* AudioToolbox.framework */ = {isa = PBXFileReference; lastKnownFileType = wrapper.framework; name = AudioToolbox.framework; path = System/Library/Frameworks/AudioToolbox.framework; sourceTree = SDKROOT; };
		E41D3ED613B38FB500A75A5D /* Project.xcconfig */ = {isa = PBXFileReference; fileEncoding = 4; lastKnownFileType = text.xcconfig; path = Project.xcconfig; sourceTree = "<group>"; };
		E41D3EE513B3906D00A75A5D /* CoreOF.xcconfig */ = {isa = PBXFileReference; fileEncoding = 4; lastKnownFileType = text.xcconfig; name = CoreOF.xcconfig; path = ../../../libs/openFrameworksCompiled/project/ios/CoreOF.xcconfig; sourceTree = SOURCE_ROOT; };
		E41D400613B39D2100A75A5D /* AVFoundation.framework */ = {isa = PBXFileReference; lastKnownFileType = wrapper.framework; name = AVFoundation.framework; path = System/Library/Frameworks/AVFoundation.framework; sourceTree = SDKROOT; };
		E41D400713B39D2100A75A5D /* CoreMedia.framework */ = {isa = PBXFileReference; lastKnownFileType = wrapper.framework; name = CoreMedia.framework; path = System/Library/Frameworks/CoreMedia.framework; sourceTree = SDKROOT; };
		E41D400813B39D2100A75A5D /* CoreVideo.framework */ = {isa = PBXFileReference; lastKnownFileType = wrapper.framework; name = CoreVideo.framework; path = System/Library/Frameworks/CoreVideo.framework; sourceTree = SDKROOT; };
		E41D400913B39D2100A75A5D /* MapKit.framework */ = {isa = PBXFileReference; lastKnownFileType = wrapper.framework; name = MapKit.framework; path = System/Library/Frameworks/MapKit.framework; sourceTree = SDKROOT; };
		E41D40FD13B3A0D800A75A5D /* iOS+OFLib.xcodeproj */ = {isa = PBXFileReference; lastKnownFileType = "wrapper.pb-project"; name = "iOS+OFLib.xcodeproj"; path = "../../../libs/openFrameworksCompiled/project/ios/iOS+OFLib.xcodeproj"; sourceTree = SOURCE_ROOT; };
		E4A823A312561BE3002F86A2 /* CoreGraphics.framework */ = {isa = PBXFileReference; lastKnownFileType = wrapper.framework; name = CoreGraphics.framework; path = System/Library/Frameworks/CoreGraphics.framework; sourceTree = SDKROOT; };
/* End PBXFileReference section */

/* Begin PBXFrameworksBuildPhase section */
		1D60588F0D05DD3D006BFB54 /* Frameworks */ = {
			isa = PBXFrameworksBuildPhase;
			buildActionMask = 2147483647;
			files = (
				5459C4F3201334E900A57EAD /* ARKit.framework in Frameworks */,
				E41D421413B3A95300A75A5D /* libofxiOS_iphoneos_Debug.a in Frameworks */,
				1D60589F0D05DD5A006BFB54 /* Foundation.framework in Frameworks */,
				1DF5F4E00D08C38300B7A737 /* UIKit.framework in Frameworks */,
				288765FD0DF74451002DB57D /* CoreGraphics.framework in Frameworks */,
				BB16EBD20F2B2A9500518274 /* OpenGLES.framework in Frameworks */,
				BB16EBD90F2B2AB500518274 /* QuartzCore.framework in Frameworks */,
				BBE5EAB80F49AD8400F28951 /* AudioToolbox.framework in Frameworks */,
				53F323EB10A20EDB00E0DAE4 /* OpenAL.framework in Frameworks */,
				5326AEA810A23A0500278DE6 /* CoreLocation.framework in Frameworks */,
				E41D400B13B39D2100A75A5D /* AVFoundation.framework in Frameworks */,
				E41D400C13B39D2100A75A5D /* CoreMedia.framework in Frameworks */,
				E41D400D13B39D2100A75A5D /* CoreVideo.framework in Frameworks */,
				E41D400E13B39D2100A75A5D /* MapKit.framework in Frameworks */,
				67DFA53619F92A69003B3434 /* Accelerate.framework in Frameworks */,
			);
			runOnlyForDeploymentPostprocessing = 0;
		};
/* End PBXFrameworksBuildPhase section */

/* Begin PBXGroup section */
		19C28FACFE9D520D11CA2CBB /* Products */ = {
			isa = PBXGroup;
			children = (
				1D6058910D05DD3D006BFB54 /* ofxARKit-test.app */,
			);
			name = Products;
			sourceTree = "<group>";
		};
		29B97314FDCFA39411CA2CEA /* CustomTemplate */ = {
			isa = PBXGroup;
			children = (
				678E130917951536005B6D19 /* Icon.png */,
				678E130717951530005B6D19 /* Icon@2x.png */,
				678E130B1795153C005B6D19 /* Default.png */,
				678E130D17951540005B6D19 /* Default@2x.png */,
				678E130F17951549005B6D19 /* Default-568h@2x~iphone.png */,
				E4D8936A11527B74007E1F53 /* src */,
				BB24E1F710DAA51900E9C588 /* openFrameworks */,
				BB16F26B0F2B646B00518274 /* addons */,
				BB16E9930F2B1E5900518274 /* libs */,
				19C28FACFE9D520D11CA2CBB /* Products */,
				5459C4F1201334E800A57EAD /* Frameworks */,
			);
			name = CustomTemplate;
			sourceTree = "<group>";
		};
		29B97323FDCFA39411CA2CEA /* core frameworks */ = {
			isa = PBXGroup;
			children = (
				E41D400613B39D2100A75A5D /* AVFoundation.framework */,
				E41D400713B39D2100A75A5D /* CoreMedia.framework */,
				E41D400813B39D2100A75A5D /* CoreVideo.framework */,
				E41D400913B39D2100A75A5D /* MapKit.framework */,
				53F323EA10A20EDB00E0DAE4 /* OpenAL.framework */,
				E4A823A312561BE3002F86A2 /* CoreGraphics.framework */,
				BBE5EAB70F49AD8400F28951 /* AudioToolbox.framework */,
				BB16EBD80F2B2AB500518274 /* QuartzCore.framework */,
				BB16EBD10F2B2A9500518274 /* OpenGLES.framework */,
				1DF5F4DF0D08C38300B7A737 /* UIKit.framework */,
				1D30AB110D05D00D00671497 /* Foundation.framework */,
				288765FC0DF74451002DB57D /* CoreGraphics.framework */,
				5326AEA710A23A0500278DE6 /* CoreLocation.framework */,
				67DFA53419F92A5E003B3434 /* Accelerate.framework */,
			);
			name = "core frameworks";
			sourceTree = "<group>";
		};
		54051B062015019700520556 /* delegates */ = {
			isa = PBXGroup;
			children = (
				54051B072015019700520556 /* MyAppDelegate.h */,
				54051B082015019700520556 /* MyAppDelegate.mm */,
			);
			path = delegates;
			sourceTree = "<group>";
		};
		54051B0B2015019700520556 /* viewcontrollers */ = {
			isa = PBXGroup;
			children = (
				54051B0C2015019700520556 /* MyAppViewController.h */,
				54051B0D2015019700520556 /* MyAppViewController.mm */,
				54051B0E2015019700520556 /* OFAppViewController.h */,
				54051B0F2015019700520556 /* OFAppViewController.mm */,
			);
			path = viewcontrollers;
			sourceTree = "<group>";
		};
		5429BA9E20409F1600922A2A /* ofxGui */ = {
			isa = PBXGroup;
			children = (
				5429BA9F20409F1600922A2A /* src */,
			);
			name = ofxGui;
			path = addons/ofxGui;
			sourceTree = "<group>";
		};
		5429BA9F20409F1600922A2A /* src */ = {
			isa = PBXGroup;
			children = (
				5429BAA020409F1600922A2A /* ofxBaseGui.cpp */,
				5429BAA120409F1600922A2A /* ofxBaseGui.h */,
				5429BAA220409F1600922A2A /* ofxButton.cpp */,
				5429BAA320409F1600922A2A /* ofxButton.h */,
				5429BAA420409F1600922A2A /* ofxGui.h */,
				5429BAA520409F1600922A2A /* ofxGuiGroup.cpp */,
				5429BAA620409F1600922A2A /* ofxGuiGroup.h */,
				5429BAA720409F1600922A2A /* ofxLabel.cpp */,
				5429BAA820409F1600922A2A /* ofxLabel.h */,
				5429BAA920409F1600922A2A /* ofxPanel.cpp */,
				5429BAAA20409F1600922A2A /* ofxPanel.h */,
				5429BAAB20409F1600922A2A /* ofxSlider.cpp */,
				5429BAAC20409F1600922A2A /* ofxSlider.h */,
				5429BAAD20409F1600922A2A /* ofxSliderGroup.cpp */,
				5429BAAE20409F1600922A2A /* ofxSliderGroup.h */,
				5429BAAF20409F1600922A2A /* ofxToggle.cpp */,
				5429BAB020409F1600922A2A /* ofxToggle.h */,
			);
			path = src;
			sourceTree = "<group>";
		};
		5429BAB120409F1600922A2A /* ofxARKit */ = {
			isa = PBXGroup;
			children = (
				5429BAB220409F1600922A2A /* src */,
			);
			name = ofxARKit;
			path = addons/ofxARKit;
			sourceTree = "<group>";
		};
		5429BAB220409F1600922A2A /* src */ = {
			isa = PBXGroup;
			children = (
				5429BAB320409F1600922A2A /* ARAnchorManager.h */,
				5429BAB420409F1600922A2A /* ARAnchorManager.mm */,
				5429BAB520409F1600922A2A /* ARCam.h */,
				5429BAB620409F1600922A2A /* ARCam.mm */,
				5429BAB720409F1600922A2A /* ARDebugUtils.h */,
				5429BAB820409F1600922A2A /* ARObjects.h */,
				5429BAB920409F1600922A2A /* ARProcessor.h */,
				5429BABA20409F1600922A2A /* ARProcessor.mm */,
				5429BABB20409F1600922A2A /* ARSessionSetup.h */,
				5429BABC20409F1600922A2A /* ARShaders.h */,
				5429BABD20409F1600922A2A /* ARUtils.h */,
				5429BABE20409F1600922A2A /* ofxARKit.h */,
			);
			path = src;
			sourceTree = "<group>";
		};
		5429BABF20409F1600922A2A /* ofxGlobalContext */ = {
			isa = PBXGroup;
			children = (
				5429BAC020409F1600922A2A /* src */,
			);
			name = ofxGlobalContext;
			path = addons/ofxGlobalContext;
			sourceTree = "<group>";
		};
		5429BAC020409F1600922A2A /* src */ = {
			isa = PBXGroup;
			children = (
				5429BAC120409F1600922A2A /* ofxGlobalContext.h */,
			);
			path = src;
			sourceTree = "<group>";
		};
		5429BAC220409F1600922A2A /* ofxOsc */ = {
			isa = PBXGroup;
			children = (
				5429BAC320409F1600922A2A /* libs */,
				5429BAE020409F1600922A2A /* src */,
			);
			name = ofxOsc;
			path = addons/ofxOsc;
			sourceTree = "<group>";
		};
		5429BAC320409F1600922A2A /* libs */ = {
			isa = PBXGroup;
			children = (
				5429BAC420409F1600922A2A /* oscpack */,
			);
			path = libs;
			sourceTree = "<group>";
		};
		5429BAC420409F1600922A2A /* oscpack */ = {
			isa = PBXGroup;
			children = (
				5429BAC520409F1600922A2A /* src */,
			);
			path = oscpack;
			sourceTree = "<group>";
		};
		5429BAC520409F1600922A2A /* src */ = {
			isa = PBXGroup;
			children = (
				5429BAC620409F1600922A2A /* ip */,
				5429BAD320409F1600922A2A /* osc */,
			);
			path = src;
			sourceTree = "<group>";
		};
		5429BAC620409F1600922A2A /* ip */ = {
			isa = PBXGroup;
			children = (
				5429BAC720409F1600922A2A /* IpEndpointName.cpp */,
				5429BAC820409F1600922A2A /* IpEndpointName.h */,
				5429BAC920409F1600922A2A /* NetworkingUtils.h */,
				5429BACA20409F1600922A2A /* PacketListener.h */,
				5429BACB20409F1600922A2A /* posix */,
				5429BACE20409F1600922A2A /* TimerListener.h */,
				5429BACF20409F1600922A2A /* UdpSocket.h */,
			);
			path = ip;
			sourceTree = "<group>";
		};
		5429BACB20409F1600922A2A /* posix */ = {
			isa = PBXGroup;
			children = (
				5429BACC20409F1600922A2A /* NetworkingUtils.cpp */,
				5429BACD20409F1600922A2A /* UdpSocket.cpp */,
			);
			path = posix;
			sourceTree = "<group>";
		};
		5429BAD320409F1600922A2A /* osc */ = {
			isa = PBXGroup;
			children = (
				5429BAD420409F1600922A2A /* MessageMappingOscPacketListener.h */,
				5429BAD520409F1600922A2A /* OscException.h */,
				5429BAD620409F1600922A2A /* OscHostEndianness.h */,
				5429BAD720409F1600922A2A /* OscOutboundPacketStream.cpp */,
				5429BAD820409F1600922A2A /* OscOutboundPacketStream.h */,
				5429BAD920409F1600922A2A /* OscPacketListener.h */,
				5429BADA20409F1600922A2A /* OscPrintReceivedElements.cpp */,
				5429BADB20409F1600922A2A /* OscPrintReceivedElements.h */,
				5429BADC20409F1600922A2A /* OscReceivedElements.cpp */,
				5429BADD20409F1600922A2A /* OscReceivedElements.h */,
				5429BADE20409F1600922A2A /* OscTypes.cpp */,
				5429BADF20409F1600922A2A /* OscTypes.h */,
			);
			path = osc;
			sourceTree = "<group>";
		};
		5429BAE020409F1600922A2A /* src */ = {
			isa = PBXGroup;
			children = (
				5429BAE120409F1600922A2A /* ofxOsc.h */,
				5429BAE220409F1600922A2A /* ofxOscArg.h */,
				5429BAE320409F1600922A2A /* ofxOscBundle.cpp */,
				5429BAE420409F1600922A2A /* ofxOscBundle.h */,
				5429BAE520409F1600922A2A /* ofxOscMessage.cpp */,
				5429BAE620409F1600922A2A /* ofxOscMessage.h */,
				5429BAE720409F1600922A2A /* ofxOscParameterSync.cpp */,
				5429BAE820409F1600922A2A /* ofxOscParameterSync.h */,
				5429BAE920409F1600922A2A /* ofxOscReceiver.cpp */,
				5429BAEA20409F1600922A2A /* ofxOscReceiver.h */,
				5429BAEB20409F1600922A2A /* ofxOscSender.cpp */,
				5429BAEC20409F1600922A2A /* ofxOscSender.h */,
			);
			path = src;
			sourceTree = "<group>";
		};
		5429BAED20409F1700922A2A /* ofxAnimationPrimitives */ = {
			isa = PBXGroup;
			children = (
				5429BAEE20409F1700922A2A /* src */,
			);
			name = ofxAnimationPrimitives;
			path = addons/ofxAnimationPrimitives;
			sourceTree = "<group>";
		};
		5429BAEE20409F1700922A2A /* src */ = {
			isa = PBXGroup;
			children = (
				5429BAEF20409F1700922A2A /* ofxAnimationPrimitives */,
				5429BB0020409F1700922A2A /* ofxAnimationPrimitives.h */,
			);
			path = src;
			sourceTree = "<group>";
		};
		5429BAEF20409F1700922A2A /* ofxAnimationPrimitives */ = {
			isa = PBXGroup;
			children = (
				5429BAF020409F1700922A2A /* CommandQueue.h */,
				5429BAF120409F1700922A2A /* Composition.h */,
				5429BAF220409F1700922A2A /* Constants.h */,
				5429BAF320409F1700922A2A /* detail */,
				5429BAF620409F1700922A2A /* Easing.h */,
				5429BAF720409F1700922A2A /* Generator.h */,
				5429BAF820409F1700922A2A /* InstanceManager.h */,
				5429BAF920409F1700922A2A /* Lerp.h */,
				5429BAFA20409F1700922A2A /* Pattern.h */,
				5429BAFB20409F1700922A2A /* Replicator.h */,
				5429BAFC20409F1700922A2A /* SceneManager.h */,
				5429BAFD20409F1700922A2A /* Sequence.h */,
				5429BAFE20409F1700922A2A /* Timer.cpp */,
				5429BAFF20409F1700922A2A /* Timer.h */,
			);
			path = ofxAnimationPrimitives;
			sourceTree = "<group>";
		};
		5429BAF320409F1700922A2A /* detail */ = {
			isa = PBXGroup;
			children = (
				5429BAF420409F1700922A2A /* Composition.inc.h */,
				5429BAF520409F1700922A2A /* coroutine.hpp */,
			);
			path = detail;
			sourceTree = "<group>";
		};
		5429BB2120411AFD00922A2A /* clips */ = {
			isa = PBXGroup;
			children = (
				54275AF92041256100B0EB1C /* CircleAnimations.h */,
				54FAF92F2053B19600DF908D /* TriAnimations.h */,
				54FAF9302053BD7B00DF908D /* RectAnimations.h */,
				5476B50E203986CE0057CE88 /* CaptureDrawer.h */,
			);
			path = clips;
			sourceTree = "<group>";
		};
		5459C4F1201334E800A57EAD /* Frameworks */ = {
			isa = PBXGroup;
			children = (
				5459C4F2201334E900A57EAD /* ARKit.framework */,
			);
			name = Frameworks;
			sourceTree = "<group>";
		};
		546E9FB52041E9D800470C50 /* ofxRing */ = {
			isa = PBXGroup;
			children = (
				546E9FB62041E9D800470C50 /* src */,
			);
			name = ofxRing;
			path = addons/ofxRing;
			sourceTree = "<group>";
		};
		546E9FB62041E9D800470C50 /* src */ = {
			isa = PBXGroup;
			children = (
				546E9FB72041E9D800470C50 /* ofxRing.cpp */,
				546E9FB82041E9D800470C50 /* ofxRing.h */,
			);
			path = src;
			sourceTree = "<group>";
		};
		54A0EEE520662E1B00279121 /* ofxFboBlur */ = {
			isa = PBXGroup;
			children = (
				54A0EF0A20662E1B00279121 /* src */,
			);
			name = ofxFboBlur;
			path = ../../../addons/ofxFboBlur;
			sourceTree = "<group>";
		};
		54A0EF0A20662E1B00279121 /* src */ = {
			isa = PBXGroup;
			children = (
				54A0EF0B20662E1B00279121 /* ofxFboBlur.cpp */,
				54A0EF0C20662E1B00279121 /* ofxFboBlur.h */,
			);
			path = src;
			sourceTree = "<group>";
		};
		6948EE371B920CB800B5AC1A /* local_addons */ = {
			isa = PBXGroup;
			children = (
			);
			name = local_addons;
			sourceTree = "<group>";
		};
		BB16E9930F2B1E5900518274 /* libs */ = {
			isa = PBXGroup;
			children = (
				BBE5E94E0F497BD800F28951 /* core */,
			);
			name = libs;
			sourceTree = "<group>";
		};
		BB16F26B0F2B646B00518274 /* addons */ = {
			isa = PBXGroup;
			children = (
				54A0EEE520662E1B00279121 /* ofxFboBlur */,
				546E9FB52041E9D800470C50 /* ofxRing */,
				5429BAED20409F1700922A2A /* ofxAnimationPrimitives */,
				5429BAB120409F1600922A2A /* ofxARKit */,
				5429BABF20409F1600922A2A /* ofxGlobalContext */,
				5429BA9E20409F1600922A2A /* ofxGui */,
				5429BAC220409F1600922A2A /* ofxOsc */,
			);
			name = addons;
			sourceTree = "<group>";
		};
		BB24E1F710DAA51900E9C588 /* openFrameworks */ = {
			isa = PBXGroup;
			children = (
				E41D40FD13B3A0D800A75A5D /* iOS+OFLib.xcodeproj */,
				32CA4F630368D1EE00C91783 /* ofxiOS_Prefix.pch */,
				BB24DDC910DA781C00E9C588 /* ofxiOS-Info.plist */,
				E41D3EE513B3906D00A75A5D /* CoreOF.xcconfig */,
				6948EE371B920CB800B5AC1A /* local_addons */,
				E41D3ED613B38FB500A75A5D /* Project.xcconfig */,
			);
			name = openFrameworks;
			sourceTree = "<group>";
		};
		BBE5E94E0F497BD800F28951 /* core */ = {
			isa = PBXGroup;
			children = (
				29B97323FDCFA39411CA2CEA /* core frameworks */,
			);
			name = core;
			sourceTree = "<group>";
		};
		E41D40FE13B3A0D800A75A5D /* Products */ = {
			isa = PBXGroup;
			children = (
				E41D410213B3A0D800A75A5D /* libofxiOS_iphoneos_Debug.a */,
			);
			name = Products;
			sourceTree = "<group>";
		};
		E4D8936A11527B74007E1F53 /* src */ = {
			isa = PBXGroup;
			children = (
				5429BB2120411AFD00922A2A /* clips */,
				542760B7202C2DD000112A53 /* ofApp.h */,
				542760B6202C2DD000112A53 /* ofApp.mm */,
				54051B062015019700520556 /* delegates */,
				54051B092015019700520556 /* main.mm */,
				54051B0B2015019700520556 /* viewcontrollers */,
				5476B50F2039897A0057CE88 /* Config.h */,
				5476B51020398B220057CE88 /* Context.h */,
				5492DDB32062AD1500BD70B1 /* Bloom.h */,
			);
			path = src;
			sourceTree = SOURCE_ROOT;
		};
/* End PBXGroup section */

/* Begin PBXNativeTarget section */
		1D6058900D05DD3D006BFB54 /* ofxARKit-test */ = {
			isa = PBXNativeTarget;
			buildConfigurationList = 1D6058960D05DD3E006BFB54 /* Build configuration list for PBXNativeTarget "ofxARKit-test" */;
			buildPhases = (
				1D60588D0D05DD3D006BFB54 /* Resources */,
				1D60588E0D05DD3D006BFB54 /* Sources */,
				1D60588F0D05DD3D006BFB54 /* Frameworks */,
				9255DD331112741900D6945E /* ShellScript */,
			);
			buildRules = (
			);
			dependencies = (
				E41D410413B3A11300A75A5D /* PBXTargetDependency */,
			);
			name = "ofxARKit-test";
			productName = iPhone;
			productReference = 1D6058910D05DD3D006BFB54 /* ofxARKit-test.app */;
			productType = "com.apple.product-type.application";
		};
/* End PBXNativeTarget section */

/* Begin PBXProject section */
		29B97313FDCFA39411CA2CEA /* Project object */ = {
			isa = PBXProject;
			attributes = {
				LastUpgradeCheck = 0600;
				TargetAttributes = {
					1D6058900D05DD3D006BFB54 = {
						DevelopmentTeam = YAW7WN3YNJ;
					};
				};
			};
			buildConfigurationList = C01FCF4E08A954540054247B /* Build configuration list for PBXProject "ofxARKit-test" */;
			compatibilityVersion = "Xcode 3.2";
			developmentRegion = English;
			hasScannedForEncodings = 1;
			knownRegions = (
				English,
				Japanese,
				French,
				German,
			);
			mainGroup = 29B97314FDCFA39411CA2CEA /* CustomTemplate */;
			projectDirPath = "";
			projectReferences = (
				{
					ProductGroup = E41D40FE13B3A0D800A75A5D /* Products */;
					ProjectRef = E41D40FD13B3A0D800A75A5D /* iOS+OFLib.xcodeproj */;
				},
			);
			projectRoot = "";
			targets = (
				1D6058900D05DD3D006BFB54 /* ofxARKit-test */,
			);
		};
/* End PBXProject section */

/* Begin PBXReferenceProxy section */
		E41D410213B3A0D800A75A5D /* libofxiOS_iphoneos_Debug.a */ = {
			isa = PBXReferenceProxy;
			fileType = archive.ar;
			path = libofxiOS_iphoneos_Debug.a;
			remoteRef = E41D410113B3A0D800A75A5D /* PBXContainerItemProxy */;
			sourceTree = BUILT_PRODUCTS_DIR;
		};
/* End PBXReferenceProxy section */

/* Begin PBXResourcesBuildPhase section */
		1D60588D0D05DD3D006BFB54 /* Resources */ = {
			isa = PBXResourcesBuildPhase;
			buildActionMask = 2147483647;
			files = (
				678E130817951530005B6D19 /* Icon@2x.png in Resources */,
				678E130A17951536005B6D19 /* Icon.png in Resources */,
				678E130C1795153C005B6D19 /* Default.png in Resources */,
				678E130E17951540005B6D19 /* Default@2x.png in Resources */,
				678E131017951549005B6D19 /* Default-568h@2x~iphone.png in Resources */,
			);
			runOnlyForDeploymentPostprocessing = 0;
		};
/* End PBXResourcesBuildPhase section */

/* Begin PBXShellScriptBuildPhase section */
		9255DD331112741900D6945E /* ShellScript */ = {
			isa = PBXShellScriptBuildPhase;
			buildActionMask = 2147483647;
			files = (
			);
			inputPaths = (
			);
			outputPaths = (
			);
			runOnlyForDeploymentPostprocessing = 0;
			shellPath = /bin/sh;
			shellScript = "rsync -avz --exclude='.DS_Store' \"${SRCROOT}/bin/data/\" \"${TARGET_BUILD_DIR}/${UNLOCALIZED_RESOURCES_FOLDER_PATH}\"";
		};
/* End PBXShellScriptBuildPhase section */

/* Begin PBXSourcesBuildPhase section */
		1D60588E0D05DD3D006BFB54 /* Sources */ = {
			isa = PBXSourcesBuildPhase;
			buildActionMask = 2147483647;
			files = (
				5429BB0420409F1700922A2A /* ofxLabel.cpp in Sources */,
				5429BB1420409F1700922A2A /* OscTypes.cpp in Sources */,
				54051B132015019700520556 /* MyAppViewController.mm in Sources */,
				54051B142015019700520556 /* OFAppViewController.mm in Sources */,
				5429BB1520409F1700922A2A /* ofxOscBundle.cpp in Sources */,
				54A0EF2B20662E1B00279121 /* ofxFboBlur.cpp in Sources */,
				5429BB1920409F1700922A2A /* ofxOscSender.cpp in Sources */,
				5429BB0920409F1700922A2A /* ARAnchorManager.mm in Sources */,
				54051B102015019700520556 /* MyAppDelegate.mm in Sources */,
				5429BB1720409F1700922A2A /* ofxOscParameterSync.cpp in Sources */,
				5429BB0A20409F1700922A2A /* ARCam.mm in Sources */,
				5429BB1120409F1700922A2A /* OscOutboundPacketStream.cpp in Sources */,
				5429BB0720409F1700922A2A /* ofxSliderGroup.cpp in Sources */,
				5429BB1820409F1700922A2A /* ofxOscReceiver.cpp in Sources */,
				5429BB1320409F1700922A2A /* OscReceivedElements.cpp in Sources */,
				542760B8202C2DD000112A53 /* ofApp.mm in Sources */,
				5429BB1A20409F1700922A2A /* Timer.cpp in Sources */,
				5429BB0E20409F1700922A2A /* UdpSocket.cpp in Sources */,
				5429BB0220409F1700922A2A /* ofxButton.cpp in Sources */,
				5429BB0D20409F1700922A2A /* NetworkingUtils.cpp in Sources */,
				5429BB1620409F1700922A2A /* ofxOscMessage.cpp in Sources */,
				5429BB0B20409F1700922A2A /* ARProcessor.mm in Sources */,
				5429BB0620409F1700922A2A /* ofxSlider.cpp in Sources */,
				5429BB1220409F1700922A2A /* OscPrintReceivedElements.cpp in Sources */,
				5429BB0120409F1700922A2A /* ofxBaseGui.cpp in Sources */,
				54051B112015019700520556 /* main.mm in Sources */,
				5429BB0520409F1700922A2A /* ofxPanel.cpp in Sources */,
				5429BB0820409F1700922A2A /* ofxToggle.cpp in Sources */,
				5429BB0C20409F1700922A2A /* IpEndpointName.cpp in Sources */,
				5429BB0320409F1700922A2A /* ofxGuiGroup.cpp in Sources */,
				546E9FB92041E9D800470C50 /* ofxRing.cpp in Sources */,
			);
			runOnlyForDeploymentPostprocessing = 0;
		};
/* End PBXSourcesBuildPhase section */

/* Begin PBXTargetDependency section */
		E41D410413B3A11300A75A5D /* PBXTargetDependency */ = {
			isa = PBXTargetDependency;
			name = "iPhone+OF Static Library";
			targetProxy = E41D410313B3A11300A75A5D /* PBXContainerItemProxy */;
		};
/* End PBXTargetDependency section */

/* Begin XCBuildConfiguration section */
		1D6058940D05DD3E006BFB54 /* Debug */ = {
			isa = XCBuildConfiguration;
			buildSettings = {
				ALWAYS_SEARCH_USER_PATHS = NO;
				DEVELOPMENT_TEAM = YAW7WN3YNJ;
				GCC_PRECOMPILE_PREFIX_HEADER = YES;
				GCC_PREFIX_HEADER = ofxiOS_Prefix.pch;
				"GCC_WARN_64_TO_32_BIT_CONVERSION[arch=*64]" = NO;
				INFOPLIST_FILE = "ofxiOS-Info.plist";
				IPHONEOS_DEPLOYMENT_TARGET = 11.2;
				PRODUCT_BUNDLE_IDENTIFIER = com.shimpei.suganuma;
				PRODUCT_NAME = "${TARGET_NAME}";
				VALID_ARCHS = "$(ARCHS_STANDARD)";
			};
			name = Debug;
		};
		1D6058950D05DD3E006BFB54 /* Release */ = {
			isa = XCBuildConfiguration;
			buildSettings = {
				DEVELOPMENT_TEAM = YAW7WN3YNJ;
				GCC_PRECOMPILE_PREFIX_HEADER = YES;
				GCC_PREFIX_HEADER = ofxiOS_Prefix.pch;
				"GCC_WARN_64_TO_32_BIT_CONVERSION[arch=*64]" = NO;
				INFOPLIST_FILE = "ofxiOS-Info.plist";
				IPHONEOS_DEPLOYMENT_TARGET = 11.2;
				PRODUCT_BUNDLE_IDENTIFIER = com.shimpei.suganuma;
				PRODUCT_NAME = "${TARGET_NAME}";
				VALID_ARCHS = "$(ARCHS_STANDARD)";
			};
			name = Release;
		};
		C01FCF4F08A954540054247B /* Debug */ = {
			isa = XCBuildConfiguration;
			baseConfigurationReference = E41D3ED613B38FB500A75A5D /* Project.xcconfig */;
			buildSettings = {
				ALWAYS_SEARCH_USER_PATHS = YES;
				CLANG_CXX_LIBRARY = "libc++";
				CODE_SIGN_IDENTITY = "";
				"CODE_SIGN_IDENTITY[sdk=iphoneos*]" = "iPhone Developer";
				"CODE_SIGN_IDENTITY[sdk=iphonesimulator*]" = "";
				COMPRESS_PNG_FILES = NO;
				GCC_C_LANGUAGE_STANDARD = c11;
				GCC_OPTIMIZATION_LEVEL = 0;
				GCC_SYMBOLS_PRIVATE_EXTERN = NO;
				"GCC_WARN_64_TO_32_BIT_CONVERSION[arch=*64]" = NO;
				GCC_WARN_ABOUT_INVALID_OFFSETOF_MACRO = NO;
				GCC_WARN_ABOUT_POINTER_SIGNEDNESS = NO;
				GCC_WARN_ABOUT_RETURN_TYPE = YES;
				GCC_WARN_ALLOW_INCOMPLETE_PROTOCOL = NO;
				GCC_WARN_PROTOTYPE_CONVERSION = NO;
				GCC_WARN_UNUSED_VARIABLE = YES;
				HEADER_SEARCH_PATHS = (
					"$(OF_CORE_HEADERS)",
					../../../addons/ofxARKit/src,
				);
				IPHONEOS_DEPLOYMENT_TARGET = 5.1.1;
				ONLY_ACTIVE_ARCH = NO;
				"PROVISIONING_PROFILE[sdk=iphoneos*]" = "";
				SDKROOT = iphoneos;
				TARGETED_DEVICE_FAMILY = 1;
				VALID_ARCHS = "$(ARCHS_STANDARD)";
				WARNING_LDFLAGS = "-no_arch_warnings";
			};
			name = Debug;
		};
		C01FCF5008A954540054247B /* Release */ = {
			isa = XCBuildConfiguration;
			baseConfigurationReference = E41D3ED613B38FB500A75A5D /* Project.xcconfig */;
			buildSettings = {
				ALWAYS_SEARCH_USER_PATHS = YES;
				CLANG_CXX_LIBRARY = "libc++";
				CODE_SIGN_IDENTITY = "";
				"CODE_SIGN_IDENTITY[sdk=iphoneos*]" = "iPhone Developer";
				"CODE_SIGN_IDENTITY[sdk=iphonesimulator*]" = "";
				COMPRESS_PNG_FILES = NO;
				GCC_C_LANGUAGE_STANDARD = c11;
				GCC_DYNAMIC_NO_PIC = NO;
				GCC_GENERATE_DEBUGGING_SYMBOLS = NO;
				GCC_OPTIMIZATION_LEVEL = s;
				GCC_SYMBOLS_PRIVATE_EXTERN = NO;
				GCC_THUMB_SUPPORT = NO;
				"GCC_WARN_64_TO_32_BIT_CONVERSION[arch=*64]" = NO;
				GCC_WARN_ABOUT_RETURN_TYPE = YES;
				GCC_WARN_UNUSED_VARIABLE = YES;
				HEADER_SEARCH_PATHS = (
					"$(OF_CORE_HEADERS)",
					../../../addons/ofxARKit/src,
				);
				IPHONEOS_DEPLOYMENT_TARGET = 5.1.1;
				ONLY_ACTIVE_ARCH = NO;
				SDKROOT = iphoneos;
				TARGETED_DEVICE_FAMILY = 1;
				VALID_ARCHS = "$(ARCHS_STANDARD)";
				WARNING_LDFLAGS = "-no_arch_warnings";
			};
			name = Release;
		};
/* End XCBuildConfiguration section */

/* Begin XCConfigurationList section */
		1D6058960D05DD3E006BFB54 /* Build configuration list for PBXNativeTarget "ofxARKit-test" */ = {
			isa = XCConfigurationList;
			buildConfigurations = (
				1D6058940D05DD3E006BFB54 /* Debug */,
				1D6058950D05DD3E006BFB54 /* Release */,
			);
			defaultConfigurationIsVisible = 0;
			defaultConfigurationName = Release;
		};
		C01FCF4E08A954540054247B /* Build configuration list for PBXProject "ofxARKit-test" */ = {
			isa = XCConfigurationList;
			buildConfigurations = (
				C01FCF4F08A954540054247B /* Debug */,
				C01FCF5008A954540054247B /* Release */,
			);
			defaultConfigurationIsVisible = 0;
			defaultConfigurationName = Release;
		};
/* End XCConfigurationList section */
	};
	rootObject = 29B97313FDCFA39411CA2CEA /* Project object */;
}
